
Microsoft Visual Studio Solution File, Format Version 12.00
# Visual Studio Version 17
VisualStudioVersion = 17.7.34009.444
MinimumVisualStudioVersion = 10.0.40219.1
Project("{FAE04EC0-301F-11D3-BF4B-00C04F79EFBC}") = "Piocicd", "Piocicd\Piocicd.csproj", "{203C0445-4F23-4BB5-A2EB-A7CC5B91FF01}"
EndProject
Global
	GlobalSection(SolutionConfigurationPlatforms) = preSolution
		Debug|Any CPU = Debug|Any CPU
		Release|Any CPU = Release|Any CPU
	EndGlobalSection
	GlobalSection(ProjectConfigurationPlatforms) = postSolution
		{203C0445-4F23-4BB5-A2EB-A7CC5B91FF01}.Debug|Any CPU.ActiveCfg = Debug|Any CPU
		{203C0445-4F23-4BB5-A2EB-A7CC5B91FF01}.Debug|Any CPU.Build.0 = Debug|Any CPU
		{203C0445-4F23-4BB5-A2EB-A7CC5B91FF01}.Release|Any CPU.ActiveCfg = Release|Any CPU
		{203C0445-4F23-4BB5-A2EB-A7CC5B91FF01}.Release|Any CPU.Build.0 = Release|Any CPU
	EndGlobalSection
	GlobalSection(SolutionProperties) = preSolution
		HideSolutionNode = FALSE
	EndGlobalSection
	GlobalSection(ExtensibilityGlobals) = postSolution
		SolutionGuid = {DD3C579D-F8B8-4F0D-8F9E-CADE9F6A011C}
	EndGlobalSection
EndGlobal
